// !$*UTF8*$!
{
	archiveVersion = 1;
	classes = {
	};
	objectVersion = 56;
	objects = {

/* Begin PBXBuildFile section */
		076133F9F02E79C94E44DF2B /* libPods-SuperHuman.a in Frameworks */ = {isa = PBXBuildFile; fileRef = 6C87FA9D352999C1884DF03F /* libPods-SuperHuman.a */; };
		AC05A8022BDA103E00040B50 /* SuperHumanApp.swift in Sources */ = {isa = PBXBuildFile; fileRef = AC05A8012BDA103E00040B50 /* SuperHumanApp.swift */; };
		AC05A8042BDA103E00040B50 /* ContentView.swift in Sources */ = {isa = PBXBuildFile; fileRef = AC05A8032BDA103E00040B50 /* ContentView.swift */; };
		AC05A8062BDA103F00040B50 /* Assets.xcassets in Resources */ = {isa = PBXBuildFile; fileRef = AC05A8052BDA103F00040B50 /* Assets.xcassets */; };
		AC05A8092BDA103F00040B50 /* Preview Assets.xcassets in Resources */ = {isa = PBXBuildFile; fileRef = AC05A8082BDA103F00040B50 /* Preview Assets.xcassets */; };
		AC06A5EB2BDB816B00ACF43F /* TrackRecordsView.swift in Sources */ = {isa = PBXBuildFile; fileRef = AC06A5EA2BDB816B00ACF43F /* TrackRecordsView.swift */; };
		AC06A5EE2BDB829A00ACF43F /* Tasks.swift in Sources */ = {isa = PBXBuildFile; fileRef = AC06A5ED2BDB829A00ACF43F /* Tasks.swift */; };
		AC06A5F02BDB911100ACF43F /* TrackRecords.swift in Sources */ = {isa = PBXBuildFile; fileRef = AC06A5EF2BDB911100ACF43F /* TrackRecords.swift */; };
		AC06A5F22BDB950200ACF43F /* TrophyListView.swift in Sources */ = {isa = PBXBuildFile; fileRef = AC06A5F12BDB950200ACF43F /* TrophyListView.swift */; };
		AC06A5F62BDC8E9900ACF43F /* NewTaskView.swift in Sources */ = {isa = PBXBuildFile; fileRef = AC06A5F52BDC8E9900ACF43F /* NewTaskView.swift */; };
		AC06A5F82BDC955000ACF43F /* ListTaskView.swift in Sources */ = {isa = PBXBuildFile; fileRef = AC06A5F72BDC955000ACF43F /* ListTaskView.swift */; };
		AC1D4E3F2BDD6C41004DB7E6 /* AccomplishmentView.swift in Sources */ = {isa = PBXBuildFile; fileRef = AC1D4E3E2BDD6C41004DB7E6 /* AccomplishmentView.swift */; };
		AC1D4E412BDD6D72004DB7E6 /* AnimationView.swift in Sources */ = {isa = PBXBuildFile; fileRef = AC1D4E402BDD6D72004DB7E6 /* AnimationView.swift */; };
		AC1D4E442BDD6EA1004DB7E6 /* crying.json in Resources */ = {isa = PBXBuildFile; fileRef = AC1D4E432BDD6EA1004DB7E6 /* crying.json */; };
		AC22DD532BDD13BE0037DDD3 /* OngoingTimerView.swift in Sources */ = {isa = PBXBuildFile; fileRef = AC22DD522BDD13BE0037DDD3 /* OngoingTimerView.swift */; };
		AC22DD562BDD1BC60037DDD3 /* RecordView.swift in Sources */ = {isa = PBXBuildFile; fileRef = AC22DD552BDD1BC60037DDD3 /* RecordView.swift */; };
		AC5E9E1D2BDE02D10060841D /* TaskDetailView.swift in Sources */ = {isa = PBXBuildFile; fileRef = AC5E9E1C2BDE02D10060841D /* TaskDetailView.swift */; };
		AC5E9E222BDE38740060841D /* happy.json in Resources */ = {isa = PBXBuildFile; fileRef = AC5E9E202BDE38740060841D /* happy.json */; };
		AC5E9E232BDE38740060841D /* hourglass.json in Resources */ = {isa = PBXBuildFile; fileRef = AC5E9E212BDE38740060841D /* hourglass.json */; };
		AC5E9E332BDF3F130060841D /* empty.json in Resources */ = {isa = PBXBuildFile; fileRef = AC5E9E322BDF3F130060841D /* empty.json */; };
		AC5E9E372BDF5AE90060841D /* MedalView.swift in Sources */ = {isa = PBXBuildFile; fileRef = AC5E9E362BDF5AE90060841D /* MedalView.swift */; };
		AC5E9E452BDF61250060841D /* hooray.json in Resources */ = {isa = PBXBuildFile; fileRef = AC5E9E442BDF61250060841D /* hooray.json */; };
		ACD852402BDA388C00812E29 /* AudioRecordingView.swift in Sources */ = {isa = PBXBuildFile; fileRef = ACD8523F2BDA388C00812E29 /* AudioRecordingView.swift */; };
		ACD852422BDA3AFF00812E29 /* HomeView.swift in Sources */ = {isa = PBXBuildFile; fileRef = ACD852412BDA3AFF00812E29 /* HomeView.swift */; };
		ACD852442BDB3D2500812E29 /* TimerView.swift in Sources */ = {isa = PBXBuildFile; fileRef = ACD852432BDB3D2500812E29 /* TimerView.swift */; };
		C0FE524F2BDE884F00D567E8 /* newHourGlass.json in Resources */ = {isa = PBXBuildFile; fileRef = C0FE524E2BDE884F00D567E8 /* newHourGlass.json */; };
/* End PBXBuildFile section */

/* Begin PBXFileReference section */
		6C87FA9D352999C1884DF03F /* libPods-SuperHuman.a */ = {isa = PBXFileReference; explicitFileType = archive.ar; includeInIndex = 0; path = "libPods-SuperHuman.a"; sourceTree = BUILT_PRODUCTS_DIR; };
		76CE075660CF0FD3F9408A63 /* Pods-SuperHuman.release.xcconfig */ = {isa = PBXFileReference; includeInIndex = 1; lastKnownFileType = text.xcconfig; name = "Pods-SuperHuman.release.xcconfig"; path = "Target Support Files/Pods-SuperHuman/Pods-SuperHuman.release.xcconfig"; sourceTree = "<group>"; };
		AC05A7FE2BDA103E00040B50 /* SuperHuman.app */ = {isa = PBXFileReference; explicitFileType = wrapper.application; includeInIndex = 0; path = SuperHuman.app; sourceTree = BUILT_PRODUCTS_DIR; };
		AC05A8012BDA103E00040B50 /* SuperHumanApp.swift */ = {isa = PBXFileReference; lastKnownFileType = sourcecode.swift; path = SuperHumanApp.swift; sourceTree = "<group>"; };
		AC05A8032BDA103E00040B50 /* ContentView.swift */ = {isa = PBXFileReference; lastKnownFileType = sourcecode.swift; path = ContentView.swift; sourceTree = "<group>"; };
		AC05A8052BDA103F00040B50 /* Assets.xcassets */ = {isa = PBXFileReference; lastKnownFileType = folder.assetcatalog; path = Assets.xcassets; sourceTree = "<group>"; };
		AC05A8082BDA103F00040B50 /* Preview Assets.xcassets */ = {isa = PBXFileReference; lastKnownFileType = folder.assetcatalog; path = "Preview Assets.xcassets"; sourceTree = "<group>"; };
		AC06A5EA2BDB816B00ACF43F /* TrackRecordsView.swift */ = {isa = PBXFileReference; lastKnownFileType = sourcecode.swift; path = TrackRecordsView.swift; sourceTree = "<group>"; };
		AC06A5ED2BDB829A00ACF43F /* Tasks.swift */ = {isa = PBXFileReference; lastKnownFileType = sourcecode.swift; path = Tasks.swift; sourceTree = "<group>"; };
		AC06A5EF2BDB911100ACF43F /* TrackRecords.swift */ = {isa = PBXFileReference; lastKnownFileType = sourcecode.swift; path = TrackRecords.swift; sourceTree = "<group>"; };
		AC06A5F12BDB950200ACF43F /* TrophyListView.swift */ = {isa = PBXFileReference; lastKnownFileType = sourcecode.swift; path = TrophyListView.swift; sourceTree = "<group>"; };
		AC06A5F52BDC8E9900ACF43F /* NewTaskView.swift */ = {isa = PBXFileReference; lastKnownFileType = sourcecode.swift; path = NewTaskView.swift; sourceTree = "<group>"; };
		AC06A5F72BDC955000ACF43F /* ListTaskView.swift */ = {isa = PBXFileReference; lastKnownFileType = sourcecode.swift; path = ListTaskView.swift; sourceTree = "<group>"; };
		AC1D4E3E2BDD6C41004DB7E6 /* AccomplishmentView.swift */ = {isa = PBXFileReference; lastKnownFileType = sourcecode.swift; path = AccomplishmentView.swift; sourceTree = "<group>"; };
		AC1D4E402BDD6D72004DB7E6 /* AnimationView.swift */ = {isa = PBXFileReference; lastKnownFileType = sourcecode.swift; path = AnimationView.swift; sourceTree = "<group>"; };
		AC1D4E432BDD6EA1004DB7E6 /* crying.json */ = {isa = PBXFileReference; fileEncoding = 4; lastKnownFileType = text.json; path = crying.json; sourceTree = "<group>"; };
		AC22DD522BDD13BE0037DDD3 /* OngoingTimerView.swift */ = {isa = PBXFileReference; lastKnownFileType = sourcecode.swift; path = OngoingTimerView.swift; sourceTree = "<group>"; };
		AC22DD552BDD1BC60037DDD3 /* RecordView.swift */ = {isa = PBXFileReference; lastKnownFileType = sourcecode.swift; path = RecordView.swift; sourceTree = "<group>"; };
		AC5E9E1C2BDE02D10060841D /* TaskDetailView.swift */ = {isa = PBXFileReference; lastKnownFileType = sourcecode.swift; path = TaskDetailView.swift; sourceTree = "<group>"; };
		AC5E9E202BDE38740060841D /* happy.json */ = {isa = PBXFileReference; fileEncoding = 4; lastKnownFileType = text.json; path = happy.json; sourceTree = "<group>"; };
		AC5E9E212BDE38740060841D /* hourglass.json */ = {isa = PBXFileReference; fileEncoding = 4; lastKnownFileType = text.json; path = hourglass.json; sourceTree = "<group>"; };
		AC5E9E322BDF3F130060841D /* empty.json */ = {isa = PBXFileReference; fileEncoding = 4; lastKnownFileType = text.json; name = empty.json; path = "../../../../SwiftUI Assets/SuperHuman assets/Animations/empty.json"; sourceTree = "<group>"; };
		AC5E9E362BDF5AE90060841D /* MedalView.swift */ = {isa = PBXFileReference; lastKnownFileType = sourcecode.swift; path = MedalView.swift; sourceTree = "<group>"; };
		AC5E9E442BDF61250060841D /* hooray.json */ = {isa = PBXFileReference; fileEncoding = 4; lastKnownFileType = text.json; name = hooray.json; path = "../../../../SwiftUI Assets/SuperHuman assets/Animations/hooray.json"; sourceTree = "<group>"; };
		ACD8523F2BDA388C00812E29 /* AudioRecordingView.swift */ = {isa = PBXFileReference; lastKnownFileType = sourcecode.swift; path = AudioRecordingView.swift; sourceTree = "<group>"; };
		ACD852412BDA3AFF00812E29 /* HomeView.swift */ = {isa = PBXFileReference; lastKnownFileType = sourcecode.swift; path = HomeView.swift; sourceTree = "<group>"; };
		ACD852432BDB3D2500812E29 /* TimerView.swift */ = {isa = PBXFileReference; lastKnownFileType = sourcecode.swift; path = TimerView.swift; sourceTree = "<group>"; };
		C0FE524E2BDE884F00D567E8 /* newHourGlass.json */ = {isa = PBXFileReference; fileEncoding = 4; lastKnownFileType = text.json; path = newHourGlass.json; sourceTree = "<group>"; };
		F50D771EEE2D6D14E0A22BAC /* Pods-SuperHuman.debug.xcconfig */ = {isa = PBXFileReference; includeInIndex = 1; lastKnownFileType = text.xcconfig; name = "Pods-SuperHuman.debug.xcconfig"; path = "Target Support Files/Pods-SuperHuman/Pods-SuperHuman.debug.xcconfig"; sourceTree = "<group>"; };
/* End PBXFileReference section */

/* Begin PBXFrameworksBuildPhase section */
		AC05A7FB2BDA103E00040B50 /* Frameworks */ = {
			isa = PBXFrameworksBuildPhase;
			buildActionMask = 2147483647;
			files = (
				076133F9F02E79C94E44DF2B /* libPods-SuperHuman.a in Frameworks */,
			);
			runOnlyForDeploymentPostprocessing = 0;
		};
/* End PBXFrameworksBuildPhase section */

/* Begin PBXGroup section */
		7B6A2B4CD9569418B237953B /* Frameworks */ = {
			isa = PBXGroup;
			children = (
				6C87FA9D352999C1884DF03F /* libPods-SuperHuman.a */,
			);
			name = Frameworks;
			sourceTree = "<group>";
		};
		AC05A7F52BDA103E00040B50 = {
			isa = PBXGroup;
			children = (
				AC05A8002BDA103E00040B50 /* SuperHuman */,
				AC05A7FF2BDA103E00040B50 /* Products */,
				FEE6CF3C21FB066DC0D1F288 /* Pods */,
				7B6A2B4CD9569418B237953B /* Frameworks */,
			);
			sourceTree = "<group>";
		};
		AC05A7FF2BDA103E00040B50 /* Products */ = {
			isa = PBXGroup;
			children = (
				AC05A7FE2BDA103E00040B50 /* SuperHuman.app */,
			);
			name = Products;
			sourceTree = "<group>";
		};
		AC05A8002BDA103E00040B50 /* SuperHuman */ = {
			isa = PBXGroup;
			children = (
				AC1D4E422BDD6E05004DB7E6 /* Animation */,
				AC06A5EC2BDB824B00ACF43F /* Models */,
				ACD8523E2BDA387400812E29 /* Views */,
				AC05A8012BDA103E00040B50 /* SuperHumanApp.swift */,
				AC05A8032BDA103E00040B50 /* ContentView.swift */,
				AC05A8052BDA103F00040B50 /* Assets.xcassets */,
				AC05A8072BDA103F00040B50 /* Preview Content */,
			);
			path = SuperHuman;
			sourceTree = "<group>";
		};
		AC05A8072BDA103F00040B50 /* Preview Content */ = {
			isa = PBXGroup;
			children = (
				AC05A8082BDA103F00040B50 /* Preview Assets.xcassets */,
			);
			path = "Preview Content";
			sourceTree = "<group>";
		};
		AC06A5EC2BDB824B00ACF43F /* Models */ = {
			isa = PBXGroup;
			children = (
				AC06A5ED2BDB829A00ACF43F /* Tasks.swift */,
				AC06A5EF2BDB911100ACF43F /* TrackRecords.swift */,
			);
			path = Models;
			sourceTree = "<group>";
		};
		AC1D4E422BDD6E05004DB7E6 /* Animation */ = {
			isa = PBXGroup;
			children = (
				AC5E9E442BDF61250060841D /* hooray.json */,
				AC5E9E322BDF3F130060841D /* empty.json */,
				AC5E9E202BDE38740060841D /* happy.json */,
				C0FE524E2BDE884F00D567E8 /* newHourGlass.json */,
				AC5E9E212BDE38740060841D /* hourglass.json */,
				AC1D4E432BDD6EA1004DB7E6 /* crying.json */,
			);
			path = Animation;
			sourceTree = "<group>";
		};
		AC22DD542BDD1BB10037DDD3 /* Separated Views */ = {
			isa = PBXGroup;
			children = (
				AC22DD552BDD1BC60037DDD3 /* RecordView.swift */,
				AC1D4E402BDD6D72004DB7E6 /* AnimationView.swift */,
			);
			path = "Separated Views";
			sourceTree = "<group>";
		};
		ACD8523E2BDA387400812E29 /* Views */ = {
			isa = PBXGroup;
			children = (
				AC22DD542BDD1BB10037DDD3 /* Separated Views */,
				ACD8523F2BDA388C00812E29 /* AudioRecordingView.swift */,
				ACD852412BDA3AFF00812E29 /* HomeView.swift */,
				ACD852432BDB3D2500812E29 /* TimerView.swift */,
				AC06A5EA2BDB816B00ACF43F /* TrackRecordsView.swift */,
				AC06A5F12BDB950200ACF43F /* TrophyListView.swift */,
				AC06A5F52BDC8E9900ACF43F /* NewTaskView.swift */,
				AC06A5F72BDC955000ACF43F /* ListTaskView.swift */,
				AC22DD522BDD13BE0037DDD3 /* OngoingTimerView.swift */,
				AC1D4E3E2BDD6C41004DB7E6 /* AccomplishmentView.swift */,
				AC5E9E1C2BDE02D10060841D /* TaskDetailView.swift */,
				AC5E9E362BDF5AE90060841D /* MedalView.swift */,
			);
			path = Views;
			sourceTree = "<group>";
		};
		FEE6CF3C21FB066DC0D1F288 /* Pods */ = {
			isa = PBXGroup;
			children = (
				F50D771EEE2D6D14E0A22BAC /* Pods-SuperHuman.debug.xcconfig */,
				76CE075660CF0FD3F9408A63 /* Pods-SuperHuman.release.xcconfig */,
			);
			path = Pods;
			sourceTree = "<group>";
		};
/* End PBXGroup section */

/* Begin PBXNativeTarget section */
		AC05A7FD2BDA103E00040B50 /* SuperHuman */ = {
			isa = PBXNativeTarget;
			buildConfigurationList = AC05A80C2BDA103F00040B50 /* Build configuration list for PBXNativeTarget "SuperHuman" */;
			buildPhases = (
				4346CE981605283FC17FB444 /* [CP] Check Pods Manifest.lock */,
				AC05A7FA2BDA103E00040B50 /* Sources */,
				AC05A7FB2BDA103E00040B50 /* Frameworks */,
				AC05A7FC2BDA103E00040B50 /* Resources */,
				FC82B548E41A065EA9362670 /* [CP] Copy Pods Resources */,
			);
			buildRules = (
			);
			dependencies = (
			);
			name = SuperHuman;
			productName = SuperHuman;
			productReference = AC05A7FE2BDA103E00040B50 /* SuperHuman.app */;
			productType = "com.apple.product-type.application";
		};
/* End PBXNativeTarget section */

/* Begin PBXProject section */
		AC05A7F62BDA103E00040B50 /* Project object */ = {
			isa = PBXProject;
			attributes = {
				BuildIndependentTargetsInParallel = 1;
				LastSwiftUpdateCheck = 1520;
				LastUpgradeCheck = 1520;
				TargetAttributes = {
					AC05A7FD2BDA103E00040B50 = {
						CreatedOnToolsVersion = 15.2;
					};
				};
			};
			buildConfigurationList = AC05A7F92BDA103E00040B50 /* Build configuration list for PBXProject "SuperHuman" */;
			compatibilityVersion = "Xcode 14.0";
			developmentRegion = en;
			hasScannedForEncodings = 0;
			knownRegions = (
				en,
				Base,
			);
			mainGroup = AC05A7F52BDA103E00040B50;
			productRefGroup = AC05A7FF2BDA103E00040B50 /* Products */;
			projectDirPath = "";
			projectRoot = "";
			targets = (
				AC05A7FD2BDA103E00040B50 /* SuperHuman */,
			);
		};
/* End PBXProject section */

/* Begin PBXResourcesBuildPhase section */
		AC05A7FC2BDA103E00040B50 /* Resources */ = {
			isa = PBXResourcesBuildPhase;
			buildActionMask = 2147483647;
			files = (
				AC5E9E332BDF3F130060841D /* empty.json in Resources */,
				AC5E9E222BDE38740060841D /* happy.json in Resources */,
				AC1D4E442BDD6EA1004DB7E6 /* crying.json in Resources */,
				AC5E9E232BDE38740060841D /* hourglass.json in Resources */,
				AC05A8092BDA103F00040B50 /* Preview Assets.xcassets in Resources */,
				AC5E9E452BDF61250060841D /* hooray.json in Resources */,
				AC05A8062BDA103F00040B50 /* Assets.xcassets in Resources */,
				C0FE524F2BDE884F00D567E8 /* newHourGlass.json in Resources */,
			);
			runOnlyForDeploymentPostprocessing = 0;
		};
/* End PBXResourcesBuildPhase section */

/* Begin PBXShellScriptBuildPhase section */
		4346CE981605283FC17FB444 /* [CP] Check Pods Manifest.lock */ = {
			isa = PBXShellScriptBuildPhase;
			buildActionMask = 2147483647;
			files = (
			);
			inputFileListPaths = (
			);
			inputPaths = (
				"${PODS_PODFILE_DIR_PATH}/Podfile.lock",
				"${PODS_ROOT}/Manifest.lock",
			);
			name = "[CP] Check Pods Manifest.lock";
			outputFileListPaths = (
			);
			outputPaths = (
				"$(DERIVED_FILE_DIR)/Pods-SuperHuman-checkManifestLockResult.txt",
			);
			runOnlyForDeploymentPostprocessing = 0;
			shellPath = /bin/sh;
			shellScript = "diff \"${PODS_PODFILE_DIR_PATH}/Podfile.lock\" \"${PODS_ROOT}/Manifest.lock\" > /dev/null\nif [ $? != 0 ] ; then\n    # print error to STDERR\n    echo \"error: The sandbox is not in sync with the Podfile.lock. Run 'pod install' or update your CocoaPods installation.\" >&2\n    exit 1\nfi\n# This output is used by Xcode 'outputs' to avoid re-running this script phase.\necho \"SUCCESS\" > \"${SCRIPT_OUTPUT_FILE_0}\"\n";
			showEnvVarsInLog = 0;
		};
		FC82B548E41A065EA9362670 /* [CP] Copy Pods Resources */ = {
			isa = PBXShellScriptBuildPhase;
			buildActionMask = 2147483647;
			files = (
			);
			inputFileListPaths = (
				"${PODS_ROOT}/Target Support Files/Pods-SuperHuman/Pods-SuperHuman-resources-${CONFIGURATION}-input-files.xcfilelist",
			);
			name = "[CP] Copy Pods Resources";
			outputFileListPaths = (
				"${PODS_ROOT}/Target Support Files/Pods-SuperHuman/Pods-SuperHuman-resources-${CONFIGURATION}-output-files.xcfilelist",
			);
			runOnlyForDeploymentPostprocessing = 0;
			shellPath = /bin/sh;
			shellScript = "\"${PODS_ROOT}/Target Support Files/Pods-SuperHuman/Pods-SuperHuman-resources.sh\"\n";
			showEnvVarsInLog = 0;
		};
/* End PBXShellScriptBuildPhase section */

/* Begin PBXSourcesBuildPhase section */
		AC05A7FA2BDA103E00040B50 /* Sources */ = {
			isa = PBXSourcesBuildPhase;
			buildActionMask = 2147483647;
			files = (
				AC06A5F62BDC8E9900ACF43F /* NewTaskView.swift in Sources */,
				AC06A5EE2BDB829A00ACF43F /* Tasks.swift in Sources */,
				ACD852442BDB3D2500812E29 /* TimerView.swift in Sources */,
				AC22DD562BDD1BC60037DDD3 /* RecordView.swift in Sources */,
				AC22DD532BDD13BE0037DDD3 /* OngoingTimerView.swift in Sources */,
				AC06A5EB2BDB816B00ACF43F /* TrackRecordsView.swift in Sources */,
				AC05A8042BDA103E00040B50 /* ContentView.swift in Sources */,
				AC06A5F02BDB911100ACF43F /* TrackRecords.swift in Sources */,
				AC1D4E412BDD6D72004DB7E6 /* AnimationView.swift in Sources */,
				AC5E9E372BDF5AE90060841D /* MedalView.swift in Sources */,
				AC06A5F82BDC955000ACF43F /* ListTaskView.swift in Sources */,
				ACD852422BDA3AFF00812E29 /* HomeView.swift in Sources */,
				AC1D4E3F2BDD6C41004DB7E6 /* AccomplishmentView.swift in Sources */,
				AC05A8022BDA103E00040B50 /* SuperHumanApp.swift in Sources */,
				AC06A5F22BDB950200ACF43F /* TrophyListView.swift in Sources */,
				AC5E9E1D2BDE02D10060841D /* TaskDetailView.swift in Sources */,
				ACD852402BDA388C00812E29 /* AudioRecordingView.swift in Sources */,
			);
			runOnlyForDeploymentPostprocessing = 0;
		};
/* End PBXSourcesBuildPhase section */

/* Begin XCBuildConfiguration section */
		AC05A80A2BDA103F00040B50 /* Debug */ = {
			isa = XCBuildConfiguration;
			buildSettings = {
				ALWAYS_SEARCH_USER_PATHS = NO;
				ASSETCATALOG_COMPILER_GENERATE_SWIFT_ASSET_SYMBOL_EXTENSIONS = YES;
				CLANG_ANALYZER_NONNULL = YES;
				CLANG_ANALYZER_NUMBER_OBJECT_CONVERSION = YES_AGGRESSIVE;
				CLANG_CXX_LANGUAGE_STANDARD = "gnu++20";
				CLANG_ENABLE_MODULES = YES;
				CLANG_ENABLE_OBJC_ARC = YES;
				CLANG_ENABLE_OBJC_WEAK = YES;
				CLANG_WARN_BLOCK_CAPTURE_AUTORELEASING = YES;
				CLANG_WARN_BOOL_CONVERSION = YES;
				CLANG_WARN_COMMA = YES;
				CLANG_WARN_CONSTANT_CONVERSION = YES;
				CLANG_WARN_DEPRECATED_OBJC_IMPLEMENTATIONS = YES;
				CLANG_WARN_DIRECT_OBJC_ISA_USAGE = YES_ERROR;
				CLANG_WARN_DOCUMENTATION_COMMENTS = YES;
				CLANG_WARN_EMPTY_BODY = YES;
				CLANG_WARN_ENUM_CONVERSION = YES;
				CLANG_WARN_INFINITE_RECURSION = YES;
				CLANG_WARN_INT_CONVERSION = YES;
				CLANG_WARN_NON_LITERAL_NULL_CONVERSION = YES;
				CLANG_WARN_OBJC_IMPLICIT_RETAIN_SELF = YES;
				CLANG_WARN_OBJC_LITERAL_CONVERSION = YES;
				CLANG_WARN_OBJC_ROOT_CLASS = YES_ERROR;
				CLANG_WARN_QUOTED_INCLUDE_IN_FRAMEWORK_HEADER = YES;
				CLANG_WARN_RANGE_LOOP_ANALYSIS = YES;
				CLANG_WARN_STRICT_PROTOTYPES = YES;
				CLANG_WARN_SUSPICIOUS_MOVE = YES;
				CLANG_WARN_UNGUARDED_AVAILABILITY = YES_AGGRESSIVE;
				CLANG_WARN_UNREACHABLE_CODE = YES;
				CLANG_WARN__DUPLICATE_METHOD_MATCH = YES;
				COPY_PHASE_STRIP = NO;
				DEBUG_INFORMATION_FORMAT = dwarf;
				ENABLE_STRICT_OBJC_MSGSEND = YES;
				ENABLE_TESTABILITY = YES;
				ENABLE_USER_SCRIPT_SANDBOXING = NO;
				GCC_C_LANGUAGE_STANDARD = gnu17;
				GCC_DYNAMIC_NO_PIC = NO;
				GCC_NO_COMMON_BLOCKS = YES;
				GCC_OPTIMIZATION_LEVEL = 0;
				GCC_PREPROCESSOR_DEFINITIONS = (
					"DEBUG=1",
					"$(inherited)",
				);
				GCC_WARN_64_TO_32_BIT_CONVERSION = YES;
				GCC_WARN_ABOUT_RETURN_TYPE = YES_ERROR;
				GCC_WARN_UNDECLARED_SELECTOR = YES;
				GCC_WARN_UNINITIALIZED_AUTOS = YES_AGGRESSIVE;
				GCC_WARN_UNUSED_FUNCTION = YES;
				GCC_WARN_UNUSED_VARIABLE = YES;
				IPHONEOS_DEPLOYMENT_TARGET = 17.2;
				LOCALIZATION_PREFERS_STRING_CATALOGS = YES;
				MTL_ENABLE_DEBUG_INFO = INCLUDE_SOURCE;
				MTL_FAST_MATH = YES;
				ONLY_ACTIVE_ARCH = YES;
				SDKROOT = iphoneos;
				SWIFT_ACTIVE_COMPILATION_CONDITIONS = "DEBUG $(inherited)";
				SWIFT_OPTIMIZATION_LEVEL = "-Onone";
			};
			name = Debug;
		};
		AC05A80B2BDA103F00040B50 /* Release */ = {
			isa = XCBuildConfiguration;
			buildSettings = {
				ALWAYS_SEARCH_USER_PATHS = NO;
				ASSETCATALOG_COMPILER_GENERATE_SWIFT_ASSET_SYMBOL_EXTENSIONS = YES;
				CLANG_ANALYZER_NONNULL = YES;
				CLANG_ANALYZER_NUMBER_OBJECT_CONVERSION = YES_AGGRESSIVE;
				CLANG_CXX_LANGUAGE_STANDARD = "gnu++20";
				CLANG_ENABLE_MODULES = YES;
				CLANG_ENABLE_OBJC_ARC = YES;
				CLANG_ENABLE_OBJC_WEAK = YES;
				CLANG_WARN_BLOCK_CAPTURE_AUTORELEASING = YES;
				CLANG_WARN_BOOL_CONVERSION = YES;
				CLANG_WARN_COMMA = YES;
				CLANG_WARN_CONSTANT_CONVERSION = YES;
				CLANG_WARN_DEPRECATED_OBJC_IMPLEMENTATIONS = YES;
				CLANG_WARN_DIRECT_OBJC_ISA_USAGE = YES_ERROR;
				CLANG_WARN_DOCUMENTATION_COMMENTS = YES;
				CLANG_WARN_EMPTY_BODY = YES;
				CLANG_WARN_ENUM_CONVERSION = YES;
				CLANG_WARN_INFINITE_RECURSION = YES;
				CLANG_WARN_INT_CONVERSION = YES;
				CLANG_WARN_NON_LITERAL_NULL_CONVERSION = YES;
				CLANG_WARN_OBJC_IMPLICIT_RETAIN_SELF = YES;
				CLANG_WARN_OBJC_LITERAL_CONVERSION = YES;
				CLANG_WARN_OBJC_ROOT_CLASS = YES_ERROR;
				CLANG_WARN_QUOTED_INCLUDE_IN_FRAMEWORK_HEADER = YES;
				CLANG_WARN_RANGE_LOOP_ANALYSIS = YES;
				CLANG_WARN_STRICT_PROTOTYPES = YES;
				CLANG_WARN_SUSPICIOUS_MOVE = YES;
				CLANG_WARN_UNGUARDED_AVAILABILITY = YES_AGGRESSIVE;
				CLANG_WARN_UNREACHABLE_CODE = YES;
				CLANG_WARN__DUPLICATE_METHOD_MATCH = YES;
				COPY_PHASE_STRIP = NO;
				DEBUG_INFORMATION_FORMAT = "dwarf-with-dsym";
				ENABLE_NS_ASSERTIONS = NO;
				ENABLE_STRICT_OBJC_MSGSEND = YES;
				ENABLE_USER_SCRIPT_SANDBOXING = NO;
				GCC_C_LANGUAGE_STANDARD = gnu17;
				GCC_NO_COMMON_BLOCKS = YES;
				GCC_WARN_64_TO_32_BIT_CONVERSION = YES;
				GCC_WARN_ABOUT_RETURN_TYPE = YES_ERROR;
				GCC_WARN_UNDECLARED_SELECTOR = YES;
				GCC_WARN_UNINITIALIZED_AUTOS = YES_AGGRESSIVE;
				GCC_WARN_UNUSED_FUNCTION = YES;
				GCC_WARN_UNUSED_VARIABLE = YES;
				IPHONEOS_DEPLOYMENT_TARGET = 17.2;
				LOCALIZATION_PREFERS_STRING_CATALOGS = YES;
				MTL_ENABLE_DEBUG_INFO = NO;
				MTL_FAST_MATH = YES;
				SDKROOT = iphoneos;
				SWIFT_COMPILATION_MODE = wholemodule;
				VALIDATE_PRODUCT = YES;
			};
			name = Release;
		};
		AC05A80D2BDA103F00040B50 /* Debug */ = {
			isa = XCBuildConfiguration;
			baseConfigurationReference = F50D771EEE2D6D14E0A22BAC /* Pods-SuperHuman.debug.xcconfig */;
			buildSettings = {
				ASSETCATALOG_COMPILER_APPICON_NAME = AppIcon;
				ASSETCATALOG_COMPILER_GLOBAL_ACCENT_COLOR_NAME = AccentColor;
				CODE_SIGN_STYLE = Automatic;
				CURRENT_PROJECT_VERSION = 1;
				DEVELOPMENT_ASSET_PATHS = "\"SuperHuman/Preview Content\"";
				DEVELOPMENT_TEAM = ARLGKL6RC3;
				ENABLE_PREVIEWS = YES;
				GENERATE_INFOPLIST_FILE = YES;
				INFOPLIST_KEY_UIApplicationSceneManifest_Generation = YES;
				INFOPLIST_KEY_UIApplicationSupportsIndirectInputEvents = YES;
				INFOPLIST_KEY_UILaunchScreen_Generation = YES;
				INFOPLIST_KEY_UISupportedInterfaceOrientations_iPad = "UIInterfaceOrientationPortrait UIInterfaceOrientationPortraitUpsideDown UIInterfaceOrientationLandscapeLeft UIInterfaceOrientationLandscapeRight";
				INFOPLIST_KEY_UISupportedInterfaceOrientations_iPhone = "UIInterfaceOrientationPortrait UIInterfaceOrientationLandscapeLeft UIInterfaceOrientationLandscapeRight";
				LD_RUNPATH_SEARCH_PATHS = (
					"$(inherited)",
					"@executable_path/Frameworks",
				);
				MARKETING_VERSION = 1.0;
				PRODUCT_BUNDLE_IDENTIFIER = com.projects.SuperHuman;
				PRODUCT_NAME = "$(TARGET_NAME)";
				SWIFT_EMIT_LOC_STRINGS = YES;
				SWIFT_VERSION = 5.0;
				TARGETED_DEVICE_FAMILY = "1,2";
			};
			name = Debug;
		};
		AC05A80E2BDA103F00040B50 /* Release */ = {
			isa = XCBuildConfiguration;
			baseConfigurationReference = 76CE075660CF0FD3F9408A63 /* Pods-SuperHuman.release.xcconfig */;
			buildSettings = {
				ASSETCATALOG_COMPILER_APPICON_NAME = AppIcon;
				ASSETCATALOG_COMPILER_GLOBAL_ACCENT_COLOR_NAME = AccentColor;
				CODE_SIGN_STYLE = Automatic;
				CURRENT_PROJECT_VERSION = 1;
				DEVELOPMENT_ASSET_PATHS = "\"SuperHuman/Preview Content\"";
				DEVELOPMENT_TEAM = ARLGKL6RC3;
				ENABLE_PREVIEWS = YES;
				GENERATE_INFOPLIST_FILE = YES;
				INFOPLIST_KEY_UIApplicationSceneManifest_Generation = YES;
				INFOPLIST_KEY_UIApplicationSupportsIndirectInputEvents = YES;
				INFOPLIST_KEY_UILaunchScreen_Generation = YES;
				INFOPLIST_KEY_UISupportedInterfaceOrientations_iPad = "UIInterfaceOrientationPortrait UIInterfaceOrientationPortraitUpsideDown UIInterfaceOrientationLandscapeLeft UIInterfaceOrientationLandscapeRight";
				INFOPLIST_KEY_UISupportedInterfaceOrientations_iPhone = "UIInterfaceOrientationPortrait UIInterfaceOrientationLandscapeLeft UIInterfaceOrientationLandscapeRight";
				LD_RUNPATH_SEARCH_PATHS = (
					"$(inherited)",
					"@executable_path/Frameworks",
				);
				MARKETING_VERSION = 1.0;
				PRODUCT_BUNDLE_IDENTIFIER = com.projects.SuperHuman;
				PRODUCT_NAME = "$(TARGET_NAME)";
				SWIFT_EMIT_LOC_STRINGS = YES;
				SWIFT_VERSION = 5.0;
				TARGETED_DEVICE_FAMILY = "1,2";
			};
			name = Release;
		};
/* End XCBuildConfiguration section */

/* Begin XCConfigurationList section */
		AC05A7F92BDA103E00040B50 /* Build configuration list for PBXProject "SuperHuman" */ = {
			isa = XCConfigurationList;
			buildConfigurations = (
				AC05A80A2BDA103F00040B50 /* Debug */,
				AC05A80B2BDA103F00040B50 /* Release */,
			);
			defaultConfigurationIsVisible = 0;
			defaultConfigurationName = Release;
		};
		AC05A80C2BDA103F00040B50 /* Build configuration list for PBXNativeTarget "SuperHuman" */ = {
			isa = XCConfigurationList;
			buildConfigurations = (
				AC05A80D2BDA103F00040B50 /* Debug */,
				AC05A80E2BDA103F00040B50 /* Release */,
			);
			defaultConfigurationIsVisible = 0;
			defaultConfigurationName = Release;
		};
/* End XCConfigurationList section */
	};
	rootObject = AC05A7F62BDA103E00040B50 /* Project object */;
}
